<?xml version="1.0" encoding="utf-8"?>
<Project ToolsVersion="4.0" xmlns="http://schemas.microsoft.com/developer/msbuild/2003">
  <ItemGroup>
    <Filter Include="Source Files">
      <UniqueIdentifier>{4FC737F1-C7A5-4376-A066-2A32D752A2FF}</UniqueIdentifier>
      <Extensions>cpp;c;cc;cxx;def;odl;idl;hpj;bat;asm;asmx</Extensions>
    </Filter>
    <Filter Include="Header Files">
      <UniqueIdentifier>{93995380-89BD-4b04-88EB-625FBE52EBFB}</UniqueIdentifier>
      <Extensions>h;hh;hpp;hxx;hm;inl;inc;ipp;xsd</Extensions>
    </Filter>
    <Filter Include="Resource Files">
      <UniqueIdentifier>{67DA6AB6-F800-4c08-8B7A-83BB121AAD01}</UniqueIdentifier>
      <Extensions>rc;ico;cur;bmp;dlg;rc2;rct;bin;rgs;gif;jpg;jpeg;jpe;resx;tiff;tif;png;wav;mfcribbon-ms</Extensions>
    </Filter>
  </ItemGroup>
  <ItemGroup>
    <ClInclude Include="include\XorStr\xorstr.hpp">
      <Filter>Header Files</Filter>
    </ClInclude>
    <ClInclude Include="include\AthenaCommons.hpp">
      <Filter>Header Files</Filter>
    </ClInclude>
    <ClInclude Include="include\SDK.hpp">
      <Filter>Header Files</Filter>
    </ClInclude>
    <ClInclude Include="include\SoT_ActionStateMachine_classes.hpp">
      <Filter>Header Files</Filter>
    </ClInclude>
    <ClInclude Include="include\SoT_ActionStateMachine_enums.hpp">
      <Filter>Header Files</Filter>
    </ClInclude>
    <ClInclude Include="include\SoT_ActionStateMachine_structs.hpp">
      <Filter>Header Files</Filter>
    </ClInclude>
    <ClInclude Include="include\SoT_AIModule_classes.hpp">
      <Filter>Header Files</Filter>
    </ClInclude>
    <ClInclude Include="include\SoT_AIModule_enums.hpp">
      <Filter>Header Files</Filter>
    </ClInclude>
    <ClInclude Include="include\SoT_AIModule_structs.hpp">
      <Filter>Header Files</Filter>
    </ClInclude>
    <ClInclude Include="include\SoT_AIShips_classes.hpp">
      <Filter>Header Files</Filter>
    </ClInclude>
    <ClInclude Include="include\SoT_AIShips_enums.hpp">
      <Filter>Header Files</Filter>
    </ClInclude>
    <ClInclude Include="include\SoT_AIShips_structs.hpp">
      <Filter>Header Files</Filter>
    </ClInclude>
    <ClInclude Include="include\SoT_Animation_classes.hpp">
      <Filter>Header Files</Filter>
    </ClInclude>
    <ClInclude Include="include\SoT_Animation_enums.hpp">
      <Filter>Header Files</Filter>
    </ClInclude>
    <ClInclude Include="include\SoT_Animation_structs.hpp">
      <Filter>Header Files</Filter>
    </ClInclude>
    <ClInclude Include="include\SoT_Athena_classes.hpp">
      <Filter>Header Files</Filter>
    </ClInclude>
    <ClInclude Include="include\SoT_Athena_enums.hpp">
      <Filter>Header Files</Filter>
    </ClInclude>
    <ClInclude Include="include\SoT_Athena_structs.hpp">
      <Filter>Header Files</Filter>
    </ClInclude>
    <ClInclude Include="include\SoT_AthenaAI_classes.hpp">
      <Filter>Header Files</Filter>
    </ClInclude>
    <ClInclude Include="include\SoT_AthenaAI_enums.hpp">
      <Filter>Header Files</Filter>
    </ClInclude>
    <ClInclude Include="include\SoT_AthenaAI_structs.hpp">
      <Filter>Header Files</Filter>
    </ClInclude>
    <ClInclude Include="include\SoT_AthenaEngine_classes.hpp">
      <Filter>Header Files</Filter>
    </ClInclude>
    <ClInclude Include="include\SoT_AthenaEngine_enums.hpp">
      <Filter>Header Files</Filter>
    </ClInclude>
    <ClInclude Include="include\SoT_AthenaEngine_structs.hpp">
      <Filter>Header Files</Filter>
    </ClInclude>
    <ClInclude Include="include\SoT_AthenaInput_classes.hpp">
      <Filter>Header Files</Filter>
    </ClInclude>
    <ClInclude Include="include\SoT_AthenaInput_enums.hpp">
      <Filter>Header Files</Filter>
    </ClInclude>
    <ClInclude Include="include\SoT_AthenaInput_structs.hpp">
      <Filter>Header Files</Filter>
    </ClInclude>
    <ClInclude Include="include\SoT_AthenaRigging_classes.hpp">
      <Filter>Header Files</Filter>
    </ClInclude>
    <ClInclude Include="include\SoT_AthenaRigging_enums.hpp">
      <Filter>Header Files</Filter>
    </ClInclude>
    <ClInclude Include="include\SoT_AthenaRigging_structs.hpp">
      <Filter>Header Files</Filter>
    </ClInclude>
    <ClInclude Include="include\SoT_AthenaSocketLookup_classes.hpp">
      <Filter>Header Files</Filter>
    </ClInclude>
    <ClInclude Include="include\SoT_AthenaSocketLookup_structs.hpp">
      <Filter>Header Files</Filter>
    </ClInclude>
    <ClInclude Include="include\SoT_Basic.hpp">
      <Filter>Header Files</Filter>
    </ClInclude>
    <ClInclude Include="include\SoT_BP_LargeShipTemplate_classes.hpp">
      <Filter>Header Files</Filter>
    </ClInclude>
    <ClInclude Include="include\SoT_BP_LargeShipTemplate_structs.hpp">
      <Filter>Header Files</Filter>
    </ClInclude>
    <ClInclude Include="include\SoT_BP_MediumShipTemplate_classes.hpp">
      <Filter>Header Files</Filter>
    </ClInclude>
    <ClInclude Include="include\SoT_BP_MediumShipTemplate_structs.hpp">
      <Filter>Header Files</Filter>
    </ClInclude>
    <ClInclude Include="include\SoT_BP_SmallShipTemplate_classes.hpp">
      <Filter>Header Files</Filter>
    </ClInclude>
    <ClInclude Include="include\SoT_BP_SmallShipTemplate_structs.hpp">
      <Filter>Header Files</Filter>
    </ClInclude>
    <ClInclude Include="include\SoT_CoherentUIGTPlugin_classes.hpp">
      <Filter>Header Files</Filter>
    </ClInclude>
    <ClInclude Include="include\SoT_CoherentUIGTPlugin_enums.hpp">
      <Filter>Header Files</Filter>
    </ClInclude>
    <ClInclude Include="include\SoT_CoherentUIGTPlugin_structs.hpp">
      <Filter>Header Files</Filter>
    </ClInclude>
    <ClInclude Include="include\SoT_Cooking_classes.hpp">
      <Filter>Header Files</Filter>
    </ClInclude>
    <ClInclude Include="include\SoT_Cooking_enums.hpp">
      <Filter>Header Files</Filter>
    </ClInclude>
    <ClInclude Include="include\SoT_Cooking_structs.hpp">
      <Filter>Header Files</Filter>
    </ClInclude>
    <ClInclude Include="include\SoT_CoreUObject_classes.hpp">
      <Filter>Header Files</Filter>
    </ClInclude>
    <ClInclude Include="include\SoT_CoreUObject_enums.hpp">
      <Filter>Header Files</Filter>
    </ClInclude>
    <ClInclude Include="include\SoT_CoreUObject_structs.hpp">
      <Filter>Header Files</Filter>
    </ClInclude>
    <ClInclude Include="include\SoT_DebugMenu_classes.hpp">
      <Filter>Header Files</Filter>
    </ClInclude>
    <ClInclude Include="include\SoT_DebugMenu_structs.hpp">
      <Filter>Header Files</Filter>
    </ClInclude>
    <ClInclude Include="include\SoT_DeliverableFramework_classes.hpp">
      <Filter>Header Files</Filter>
    </ClInclude>
    <ClInclude Include="include\SoT_DeliverableFramework_structs.hpp">
      <Filter>Header Files</Filter>
    </ClInclude>
    <ClInclude Include="include\SoT_EmotingFramework_classes.hpp">
      <Filter>Header Files</Filter>
    </ClInclude>
    <ClInclude Include="include\SoT_EmotingFramework_structs.hpp">
      <Filter>Header Files</Filter>
    </ClInclude>
    <ClInclude Include="include\SoT_Engine_classes.hpp">
      <Filter>Header Files</Filter>
    </ClInclude>
    <ClInclude Include="include\SoT_Engine_enums.hpp">
      <Filter>Header Files</Filter>
    </ClInclude>
    <ClInclude Include="include\SoT_Engine_structs.hpp">
      <Filter>Header Files</Filter>
    </ClInclude>
    <ClInclude Include="include\SoT_Fire_classes.hpp">
      <Filter>Header Files</Filter>
    </ClInclude>
    <ClInclude Include="include\SoT_Fire_enums.hpp">
      <Filter>Header Files</Filter>
    </ClInclude>
    <ClInclude Include="include\SoT_Fire_structs.hpp">
      <Filter>Header Files</Filter>
    </ClInclude>
    <ClInclude Include="include\SoT_GameplayDebugger_classes.hpp">
      <Filter>Header Files</Filter>
    </ClInclude>
    <ClInclude Include="include\SoT_GameplayDebugger_enums.hpp">
      <Filter>Header Files</Filter>
    </ClInclude>
    <ClInclude Include="include\SoT_GameplayDebugger_structs.hpp">
      <Filter>Header Files</Filter>
    </ClInclude>
    <ClInclude Include="include\SoT_GameplayTags_classes.hpp">
      <Filter>Header Files</Filter>
    </ClInclude>
    <ClInclude Include="include\SoT_GameplayTags_enums.hpp">
      <Filter>Header Files</Filter>
    </ClInclude>
    <ClInclude Include="include\SoT_GameplayTags_structs.hpp">
      <Filter>Header Files</Filter>
    </ClInclude>
    <ClInclude Include="include\SoT_GameplayTasks_classes.hpp">
      <Filter>Header Files</Filter>
    </ClInclude>
    <ClInclude Include="include\SoT_GameplayTasks_enums.hpp">
      <Filter>Header Files</Filter>
    </ClInclude>
    <ClInclude Include="include\SoT_GameplayTasks_structs.hpp">
      <Filter>Header Files</Filter>
    </ClInclude>
    <ClInclude Include="include\SoT_GameService_classes.hpp">
      <Filter>Header Files</Filter>
    </ClInclude>
    <ClInclude Include="include\SoT_GameService_structs.hpp">
      <Filter>Header Files</Filter>
    </ClInclude>
    <ClInclude Include="include\SoT_InputCore_classes.hpp">
      <Filter>Header Files</Filter>
    </ClInclude>
    <ClInclude Include="include\SoT_InputCore_enums.hpp">
      <Filter>Header Files</Filter>
    </ClInclude>
    <ClInclude Include="include\SoT_InputCore_structs.hpp">
      <Filter>Header Files</Filter>
    </ClInclude>
    <ClInclude Include="include\SoT_Interaction_classes.hpp">
      <Filter>Header Files</Filter>
    </ClInclude>
    <ClInclude Include="include\SoT_Interaction_enums.hpp">
      <Filter>Header Files</Filter>
    </ClInclude>
    <ClInclude Include="include\SoT_Interaction_structs.hpp">
      <Filter>Header Files</Filter>
    </ClInclude>
    <ClInclude Include="include\SoT_JsonUtilities_classes.hpp">
      <Filter>Header Files</Filter>
    </ClInclude>
    <ClInclude Include="include\SoT_JsonUtilities_enums.hpp">
      <Filter>Header Files</Filter>
    </ClInclude>
    <ClInclude Include="include\SoT_JsonUtilities_structs.hpp">
      <Filter>Header Files</Filter>
    </ClInclude>
    <ClInclude Include="include\SoT_Kraken_classes.hpp">
      <Filter>Header Files</Filter>
    </ClInclude>
    <ClInclude Include="include\SoT_Kraken_enums.hpp">
      <Filter>Header Files</Filter>
    </ClInclude>
    <ClInclude Include="include\SoT_Kraken_structs.hpp">
      <Filter>Header Files</Filter>
    </ClInclude>
    <ClInclude Include="include\SoT_Maths_classes.hpp">
      <Filter>Header Files</Filter>
    </ClInclude>
    <ClInclude Include="include\SoT_Maths_enums.hpp">
      <Filter>Header Files</Filter>
    </ClInclude>
    <ClInclude Include="include\SoT_Maths_structs.hpp">
      <Filter>Header Files</Filter>
    </ClInclude>
    <ClInclude Include="include\SoT_MerchantContracts_classes.hpp">
      <Filter>Header Files</Filter>
    </ClInclude>
    <ClInclude Include="include\SoT_MerchantContracts_structs.hpp">
      <Filter>Header Files</Filter>
    </ClInclude>
    <ClInclude Include="include\SoT_MovieScene_classes.hpp">
      <Filter>Header Files</Filter>
    </ClInclude>
    <ClInclude Include="include\SoT_MovieScene_enums.hpp">
      <Filter>Header Files</Filter>
    </ClInclude>
    <ClInclude Include="include\SoT_MovieScene_structs.hpp">
      <Filter>Header Files</Filter>
    </ClInclude>
    <ClInclude Include="include\SoT_MovieSceneTracks_classes.hpp">
      <Filter>Header Files</Filter>
    </ClInclude>
    <ClInclude Include="include\SoT_MovieSceneTracks_enums.hpp">
      <Filter>Header Files</Filter>
    </ClInclude>
    <ClInclude Include="include\SoT_MovieSceneTracks_structs.hpp">
      <Filter>Header Files</Filter>
    </ClInclude>
    <ClInclude Include="include\SoT_NaturalDisasters_classes.hpp">
      <Filter>Header Files</Filter>
    </ClInclude>
    <ClInclude Include="include\SoT_NaturalDisasters_enums.hpp">
      <Filter>Header Files</Filter>
    </ClInclude>
    <ClInclude Include="include\SoT_NaturalDisasters_structs.hpp">
      <Filter>Header Files</Filter>
    </ClInclude>
    <ClInclude Include="include\SoT_ObjectLifetime_classes.hpp">
      <Filter>Header Files</Filter>
    </ClInclude>
    <ClInclude Include="include\SoT_ObjectLifetime_structs.hpp">
      <Filter>Header Files</Filter>
    </ClInclude>
    <ClInclude Include="include\SoT_ObjectMessaging_classes.hpp">
      <Filter>Header Files</Filter>
    </ClInclude>
    <ClInclude Include="include\SoT_ObjectMessaging_structs.hpp">
      <Filter>Header Files</Filter>
    </ClInclude>
    <ClInclude Include="include\SoT_Pets_classes.hpp">
      <Filter>Header Files</Filter>
    </ClInclude>
    <ClInclude Include="include\SoT_Pets_enums.hpp">
      <Filter>Header Files</Filter>
    </ClInclude>
    <ClInclude Include="include\SoT_Pets_structs.hpp">
      <Filter>Header Files</Filter>
    </ClInclude>
    <ClInclude Include="include\SoT_PirateGenerator_classes.hpp">
      <Filter>Header Files</Filter>
    </ClInclude>
    <ClInclude Include="include\SoT_PirateGenerator_enums.hpp">
      <Filter>Header Files</Filter>
    </ClInclude>
    <ClInclude Include="include\SoT_PirateGenerator_structs.hpp">
      <Filter>Header Files</Filter>
    </ClInclude>
    <ClInclude Include="include\SoT_PositionalVoice_classes.hpp">
      <Filter>Header Files</Filter>
    </ClInclude>
    <ClInclude Include="include\SoT_PositionalVoice_enums.hpp">
      <Filter>Header Files</Filter>
    </ClInclude>
    <ClInclude Include="include\SoT_PositionalVoice_structs.hpp">
      <Filter>Header Files</Filter>
    </ClInclude>
    <ClInclude Include="include\SoT_PrioritisedPrompts_classes.hpp">
      <Filter>Header Files</Filter>
    </ClInclude>
    <ClInclude Include="include\SoT_PrioritisedPrompts_enums.hpp">
      <Filter>Header Files</Filter>
    </ClInclude>
    <ClInclude Include="include\SoT_PrioritisedPrompts_structs.hpp">
      <Filter>Header Files</Filter>
    </ClInclude>
    <ClInclude Include="include\SoT_RareAudio_classes.hpp">
      <Filter>Header Files</Filter>
    </ClInclude>
    <ClInclude Include="include\SoT_RareAudio_enums.hpp">
      <Filter>Header Files</Filter>
    </ClInclude>
    <ClInclude Include="include\SoT_RareAudio_structs.hpp">
      <Filter>Header Files</Filter>
    </ClInclude>
    <ClInclude Include="include\SoT_RareEngine_classes.hpp">
      <Filter>Header Files</Filter>
    </ClInclude>
    <ClInclude Include="include\SoT_RareEngine_enums.hpp">
      <Filter>Header Files</Filter>
    </ClInclude>
    <ClInclude Include="include\SoT_RareEngine_structs.hpp">
      <Filter>Header Files</Filter>
    </ClInclude>
    <ClInclude Include="include\SoT_Repair_classes.hpp">
      <Filter>Header Files</Filter>
    </ClInclude>
    <ClInclude Include="include\SoT_Repair_enums.hpp">
      <Filter>Header Files</Filter>
    </ClInclude>
    <ClInclude Include="include\SoT_Repair_structs.hpp">
      <Filter>Header Files</Filter>
    </ClInclude>
    <ClInclude Include="include\SoT_Retraction_classes.hpp">
      <Filter>Header Files</Filter>
    </ClInclude>
    <ClInclude Include="include\SoT_Retraction_structs.hpp">
      <Filter>Header Files</Filter>
    </ClInclude>
    <ClInclude Include="include\SoT_Sessions_classes.hpp">
      <Filter>Header Files</Filter>
    </ClInclude>
    <ClInclude Include="include\SoT_Sessions_enums.hpp">
      <Filter>Header Files</Filter>
    </ClInclude>
    <ClInclude Include="include\SoT_Sessions_structs.hpp">
      <Filter>Header Files</Filter>
    </ClInclude>
    <ClInclude Include="include\SoT_ShipDamage_classes.hpp">
      <Filter>Header Files</Filter>
    </ClInclude>
    <ClInclude Include="include\SoT_ShipDamage_enums.hpp">
      <Filter>Header Files</Filter>
    </ClInclude>
    <ClInclude Include="include\SoT_ShipDamage_structs.hpp">
      <Filter>Header Files</Filter>
    </ClInclude>
    <ClInclude Include="include\SoT_Slate_classes.hpp">
      <Filter>Header Files</Filter>
    </ClInclude>
    <ClInclude Include="include\SoT_Slate_enums.hpp">
      <Filter>Header Files</Filter>
    </ClInclude>
    <ClInclude Include="include\SoT_Slate_structs.hpp">
      <Filter>Header Files</Filter>
    </ClInclude>
    <ClInclude Include="include\SoT_SlateCore_classes.hpp">
      <Filter>Header Files</Filter>
    </ClInclude>
    <ClInclude Include="include\SoT_SlateCore_enums.hpp">
      <Filter>Header Files</Filter>
    </ClInclude>
    <ClInclude Include="include\SoT_SlateCore_structs.hpp">
      <Filter>Header Files</Filter>
    </ClInclude>
    <ClInclude Include="include\SoT_StatusEffects_classes.hpp">
      <Filter>Header Files</Filter>
    </ClInclude>
    <ClInclude Include="include\SoT_StatusEffects_structs.hpp">
      <Filter>Header Files</Filter>
    </ClInclude>
    <ClInclude Include="include\SoT_StudiosAutomation_classes.hpp">
      <Filter>Header Files</Filter>
    </ClInclude>
    <ClInclude Include="include\SoT_StudiosAutomation_enums.hpp">
      <Filter>Header Files</Filter>
    </ClInclude>
    <ClInclude Include="include\SoT_StudiosAutomation_structs.hpp">
      <Filter>Header Files</Filter>
    </ClInclude>
    <ClInclude Include="include\SoT_Tales_classes.hpp">
      <Filter>Header Files</Filter>
    </ClInclude>
    <ClInclude Include="include\SoT_Tales_enums.hpp">
      <Filter>Header Files</Filter>
    </ClInclude>
    <ClInclude Include="include\SoT_Tales_structs.hpp">
      <Filter>Header Files</Filter>
    </ClInclude>
    <ClInclude Include="include\SoT_Tethering_classes.hpp">
      <Filter>Header Files</Filter>
    </ClInclude>
    <ClInclude Include="include\SoT_Tethering_enums.hpp">
      <Filter>Header Files</Filter>
    </ClInclude>
    <ClInclude Include="include\SoT_Tethering_structs.hpp">
      <Filter>Header Files</Filter>
    </ClInclude>
    <ClInclude Include="include\SoT_Time_classes.hpp">
      <Filter>Header Files</Filter>
    </ClInclude>
    <ClInclude Include="include\SoT_Time_enums.hpp">
      <Filter>Header Files</Filter>
    </ClInclude>
    <ClInclude Include="include\SoT_Time_structs.hpp">
      <Filter>Header Files</Filter>
    </ClInclude>
    <ClInclude Include="include\SoT_UMG_classes.hpp">
      <Filter>Header Files</Filter>
    </ClInclude>
    <ClInclude Include="include\SoT_UMG_enums.hpp">
      <Filter>Header Files</Filter>
    </ClInclude>
    <ClInclude Include="include\SoT_UMG_structs.hpp">
      <Filter>Header Files</Filter>
    </ClInclude>
    <ClInclude Include="include\SoT_Water_classes.hpp">
      <Filter>Header Files</Filter>
    </ClInclude>
    <ClInclude Include="include\SoT_Water_enums.hpp">
      <Filter>Header Files</Filter>
    </ClInclude>
    <ClInclude Include="include\SoT_Water_structs.hpp">
      <Filter>Header Files</Filter>
    </ClInclude>
    <ClInclude Include="include\SoT_Watercrafts_classes.hpp">
      <Filter>Header Files</Filter>
    </ClInclude>
    <ClInclude Include="include\SoT_Watercrafts_enums.hpp">
      <Filter>Header Files</Filter>
    </ClInclude>
    <ClInclude Include="include\SoT_Watercrafts_structs.hpp">
      <Filter>Header Files</Filter>
    </ClInclude>
    <ClInclude Include="include\SoT_Wind_classes.hpp">
      <Filter>Header Files</Filter>
    </ClInclude>
    <ClInclude Include="include\SoT_Wind_structs.hpp">
      <Filter>Header Files</Filter>
    </ClInclude>
    <ClInclude Include="include\SoT_WwiseAudio_classes.hpp">
      <Filter>Header Files</Filter>
    </ClInclude>
    <ClInclude Include="include\SoT_WwiseAudio_enums.hpp">
      <Filter>Header Files</Filter>
    </ClInclude>
    <ClInclude Include="include\SoT_WwiseAudio_structs.hpp">
      <Filter>Header Files</Filter>
    </ClInclude>
  </ItemGroup>
  <ItemGroup>
    <ClCompile Include="source\SoT_Athena_functions.cpp">
      <Filter>Source Files</Filter>
    </ClCompile>
    <ClCompile Include="source\SoT_Basic.cpp">
      <Filter>Source Files</Filter>
    </ClCompile>
    <ClCompile Include="source\SoT_CoreUObject_functions.cpp">
      <Filter>Source Files</Filter>
    </ClCompile>
    <ClCompile Include="source\SoT_DebugMenu_functions.cpp">
      <Filter>Source Files</Filter>
    </ClCompile>
    <ClCompile Include="source\SoT_Engine_functions.cpp">
      <Filter>Source Files</Filter>
    </ClCompile>
    <ClCompile Include="source\SoT_Maths_functions.cpp">
      <Filter>Source Files</Filter>
    </ClCompile>
    <ClCompile Include="source\SoT_UMG_functions.cpp">
      <Filter>Source Files</Filter>
    </ClCompile>
  </ItemGroup>
</Project>